
Microsoft Visual Studio Solution File, Format Version 12.00
# Visual Studio Version 16
VisualStudioVersion = 16.0.29209.62
MinimumVisualStudioVersion = 10.0.40219.1
Project("{FAE04EC0-301F-11D3-BF4B-00C04F79EFBC}") = "Treinamento", "Treinamento\Treinamento.csproj", "{D3167D76-D615-4FA3-8A0E-BDC32A0289FB}"
EndProject
Global
	GlobalSection(SolutionConfigurationPlatforms) = preSolution
		Debug|Any CPU = Debug|Any CPU
		Release|Any CPU = Release|Any CPU
	EndGlobalSection
	GlobalSection(ProjectConfigurationPlatforms) = postSolution
		{D3167D76-D615-4FA3-8A0E-BDC32A0289FB}.Debug|Any CPU.ActiveCfg = Debug|Any CPU
		{D3167D76-D615-4FA3-8A0E-BDC32A0289FB}.Debug|Any CPU.Build.0 = Debug|Any CPU
		{D3167D76-D615-4FA3-8A0E-BDC32A0289FB}.Release|Any CPU.ActiveCfg = Release|Any CPU
		{D3167D76-D615-4FA3-8A0E-BDC32A0289FB}.Release|Any CPU.Build.0 = Release|Any CPU
	EndGlobalSection
	GlobalSection(SolutionProperties) = preSolution
		HideSolutionNode = FALSE
	EndGlobalSection
	GlobalSection(ExtensibilityGlobals) = postSolution
		SolutionGuid = {382DE86A-7786-4229-8793-7DB8C3C02EC3}
	EndGlobalSection
EndGlobal
